
Microsoft Visual Studio Solution File, Format Version 12.00
# Visual Studio Version 17
VisualStudioVersion = 17.8.34601.278
MinimumVisualStudioVersion = 10.0.40219.1
Project("{FAE04EC0-301F-11D3-BF4B-00C04F79EFBC}") = "Project-01-03-2024", "Project-01-03-2024\Project-01-03-2024.csproj", "{C5AC9A4A-994E-4802-AD90-AC8A02D17738}"
EndProject
Global
	GlobalSection(SolutionConfigurationPlatforms) = preSolution
		Debug|Any CPU = Debug|Any CPU
		Release|Any CPU = Release|Any CPU
	EndGlobalSection
	GlobalSection(ProjectConfigurationPlatforms) = postSolution
		{C5AC9A4A-994E-4802-AD90-AC8A02D17738}.Debug|Any CPU.ActiveCfg = Debug|Any CPU
		{C5AC9A4A-994E-4802-AD90-AC8A02D17738}.Debug|Any CPU.Build.0 = Debug|Any CPU
		{C5AC9A4A-994E-4802-AD90-AC8A02D17738}.Release|Any CPU.ActiveCfg = Release|Any CPU
		{C5AC9A4A-994E-4802-AD90-AC8A02D17738}.Release|Any CPU.Build.0 = Release|Any CPU
	EndGlobalSection
	GlobalSection(SolutionProperties) = preSolution
		HideSolutionNode = FALSE
	EndGlobalSection
	GlobalSection(ExtensibilityGlobals) = postSolution
		SolutionGuid = {E30FBE60-1F0A-40F8-818E-648C6BB3182F}
	EndGlobalSection
EndGlobal
